
Microsoft Visual Studio Solution File, Format Version 12.00
# Visual Studio Version 17
VisualStudioVersion = 17.6.33723.286
MinimumVisualStudioVersion = 10.0.40219.1
Project("{FAE04EC0-301F-11D3-BF4B-00C04F79EFBC}") = "WebApplication2", "WebApplication2\WebApplication2.csproj", "{73711633-7F34-4156-A663-34EF7E318789}"
EndProject
Global
	GlobalSection(SolutionConfigurationPlatforms) = preSolution
		Debug|Any CPU = Debug|Any CPU
		Release|Any CPU = Release|Any CPU
	EndGlobalSection
	GlobalSection(ProjectConfigurationPlatforms) = postSolution
		{73711633-7F34-4156-A663-34EF7E318789}.Debug|Any CPU.ActiveCfg = Debug|Any CPU
		{73711633-7F34-4156-A663-34EF7E318789}.Debug|Any CPU.Build.0 = Debug|Any CPU
		{73711633-7F34-4156-A663-34EF7E318789}.Release|Any CPU.ActiveCfg = Release|Any CPU
		{73711633-7F34-4156-A663-34EF7E318789}.Release|Any CPU.Build.0 = Release|Any CPU
	EndGlobalSection
	GlobalSection(SolutionProperties) = preSolution
		HideSolutionNode = FALSE
	EndGlobalSection
	GlobalSection(ExtensibilityGlobals) = postSolution
		SolutionGuid = {65D2DCD2-F10A-4F72-9201-D4C6FFBA6D6F}
	EndGlobalSection
EndGlobal
